---
- name: Ejemplo de pre-task y post-task
  hosts: all
  become: true

  tasks: 
    - block:
      - name: Crear un directorio
        file: 
          path: /tmp/ejemplo_block
          state: present
      - block:
        - name: Crear un archivo dentro del directorio
          file: 
            path: /tmp/ejemplo_block/javi.txt
            state: touch
          
      - name: Crear un archivo dentro del directorio
        file: 
          path: /tmp/ejemplo_block/archivo.txt
          state: touch
      when: ansible_os_family == "Debian"